// !$*UTF8*$!
{
	archiveVersion = 1;
	classes = {
	};
	objectVersion = 46;
	objects = {

/* Begin PBXBuildFile section */
		398C1A95FDCA40D8FB4BC16C /* Pods_TLCorePod_Tests.framework in Frameworks */ = {isa = PBXBuildFile; fileRef = 1EA2204029EC4C11EFFE7E3E /* Pods_TLCorePod_Tests.framework */; };
		607FACD61AFB9204008FA782 /* AppDelegate.swift in Sources */ = {isa = PBXBuildFile; fileRef = 607FACD51AFB9204008FA782 /* AppDelegate.swift */; };
		607FACD81AFB9204008FA782 /* ViewController.swift in Sources */ = {isa = PBXBuildFile; fileRef = 607FACD71AFB9204008FA782 /* ViewController.swift */; };
		607FACDB1AFB9204008FA782 /* Main.storyboard in Resources */ = {isa = PBXBuildFile; fileRef = 607FACD91AFB9204008FA782 /* Main.storyboard */; };
		607FACDD1AFB9204008FA782 /* Images.xcassets in Resources */ = {isa = PBXBuildFile; fileRef = 607FACDC1AFB9204008FA782 /* Images.xcassets */; };
		607FACE01AFB9204008FA782 /* LaunchScreen.xib in Resources */ = {isa = PBXBuildFile; fileRef = 607FACDE1AFB9204008FA782 /* LaunchScreen.xib */; };
		607FACEC1AFB9204008FA782 /* Tests.swift in Sources */ = {isa = PBXBuildFile; fileRef = 607FACEB1AFB9204008FA782 /* Tests.swift */; };
		8F223E2A2B5FE61200FDC43A /* Pods_TLCorePod_Example.framework in Frameworks */ = {isa = PBXBuildFile; fileRef = 661F1DA2F99EC07756667EBE /* Pods_TLCorePod_Example.framework */; };
/* End PBXBuildFile section */

/* Begin PBXContainerItemProxy section */
		607FACE61AFB9204008FA782 /* PBXContainerItemProxy */ = {
			isa = PBXContainerItemProxy;
			containerPortal = 607FACC81AFB9204008FA782 /* Project object */;
			proxyType = 1;
			remoteGlobalIDString = 607FACCF1AFB9204008FA782;
			remoteInfo = TLCorePod;
		};
/* End PBXContainerItemProxy section */

/* Begin PBXFileReference section */
		0C3290B26F2C94E1B5325A75 /* TLCorePod.podspec */ = {isa = PBXFileReference; includeInIndex = 1; lastKnownFileType = text; name = TLCorePod.podspec; path = ../TLCorePod.podspec; sourceTree = "<group>"; xcLanguageSpecificationIdentifier = xcode.lang.ruby; };
		1EA2204029EC4C11EFFE7E3E /* Pods_TLCorePod_Tests.framework */ = {isa = PBXFileReference; explicitFileType = wrapper.framework; includeInIndex = 0; path = Pods_TLCorePod_Tests.framework; sourceTree = BUILT_PRODUCTS_DIR; };
		223C997E4BB0DF6AF29882F7 /* Pods-TLCorePod_Example.release.xcconfig */ = {isa = PBXFileReference; includeInIndex = 1; lastKnownFileType = text.xcconfig; name = "Pods-TLCorePod_Example.release.xcconfig"; path = "Target Support Files/Pods-TLCorePod_Example/Pods-TLCorePod_Example.release.xcconfig"; sourceTree = "<group>"; };
		607FACD01AFB9204008FA782 /* TLCorePod_Example.app */ = {isa = PBXFileReference; explicitFileType = wrapper.application; includeInIndex = 0; path = TLCorePod_Example.app; sourceTree = BUILT_PRODUCTS_DIR; };
		607FACD41AFB9204008FA782 /* Info.plist */ = {isa = PBXFileReference; lastKnownFileType = text.plist.xml; path = Info.plist; sourceTree = "<group>"; };
		607FACD51AFB9204008FA782 /* AppDelegate.swift */ = {isa = PBXFileReference; lastKnownFileType = sourcecode.swift; path = AppDelegate.swift; sourceTree = "<group>"; };
		607FACD71AFB9204008FA782 /* ViewController.swift */ = {isa = PBXFileReference; lastKnownFileType = sourcecode.swift; path = ViewController.swift; sourceTree = "<group>"; };
		607FACDA1AFB9204008FA782 /* Base */ = {isa = PBXFileReference; lastKnownFileType = file.storyboard; name = Base; path = Base.lproj/Main.storyboard; sourceTree = "<group>"; };
		607FACDC1AFB9204008FA782 /* Images.xcassets */ = {isa = PBXFileReference; lastKnownFileType = folder.assetcatalog; path = Images.xcassets; sourceTree = "<group>"; };
		607FACDF1AFB9204008FA782 /* Base */ = {isa = PBXFileReference; lastKnownFileType = file.xib; name = Base; path = Base.lproj/LaunchScreen.xib; sourceTree = "<group>"; };
		607FACE51AFB9204008FA782 /* TLCorePod_Tests.xctest */ = {isa = PBXFileReference; explicitFileType = wrapper.cfbundle; includeInIndex = 0; path = TLCorePod_Tests.xctest; sourceTree = BUILT_PRODUCTS_DIR; };
		607FACEA1AFB9204008FA782 /* Info.plist */ = {isa = PBXFileReference; lastKnownFileType = text.plist.xml; path = Info.plist; sourceTree = "<group>"; };
		607FACEB1AFB9204008FA782 /* Tests.swift */ = {isa = PBXFileReference; lastKnownFileType = sourcecode.swift; path = Tests.swift; sourceTree = "<group>"; };
		661F1DA2F99EC07756667EBE /* Pods_TLCorePod_Example.framework */ = {isa = PBXFileReference; explicitFileType = wrapper.framework; includeInIndex = 0; path = Pods_TLCorePod_Example.framework; sourceTree = BUILT_PRODUCTS_DIR; };
		69367C5EB5EA435AA06DACE4 /* README.md */ = {isa = PBXFileReference; includeInIndex = 1; lastKnownFileType = net.daringfireball.markdown; name = README.md; path = ../README.md; sourceTree = "<group>"; };
		6E10DAFC0F63E4C2C871317C /* Pods-TLCorePod_Tests.debug.xcconfig */ = {isa = PBXFileReference; includeInIndex = 1; lastKnownFileType = text.xcconfig; name = "Pods-TLCorePod_Tests.debug.xcconfig"; path = "Target Support Files/Pods-TLCorePod_Tests/Pods-TLCorePod_Tests.debug.xcconfig"; sourceTree = "<group>"; };
		8F223E222B5FCBB900FDC43A /* KeyStoreError.swift */ = {isa = PBXFileReference; lastKnownFileType = sourcecode.swift; path = KeyStoreError.swift; sourceTree = "<group>"; };
		8F223E232B5FCBB900FDC43A /* Base58String.swift */ = {isa = PBXFileReference; lastKnownFileType = sourcecode.swift; path = Base58String.swift; sourceTree = "<group>"; };
		8F223E242B5FCBB900FDC43A /* AddressString.swift */ = {isa = PBXFileReference; lastKnownFileType = sourcecode.swift; path = AddressString.swift; sourceTree = "<group>"; };
		8F223E262B5FCBB900FDC43A /* StringTool.swift */ = {isa = PBXFileReference; lastKnownFileType = sourcecode.swift; path = StringTool.swift; sourceTree = "<group>"; };
		8F223E272B5FCBB900FDC43A /* DataTool.swift */ = {isa = PBXFileReference; lastKnownFileType = sourcecode.swift; path = DataTool.swift; sourceTree = "<group>"; };
		8F223E282B5FCBBA00FDC43A /* TLWalletCore.swift */ = {isa = PBXFileReference; lastKnownFileType = sourcecode.swift; path = TLWalletCore.swift; sourceTree = "<group>"; };
		8F50CD4C2B60C08400AA85D9 /* Discover.pbobjc.h */ = {isa = PBXFileReference; lastKnownFileType = sourcecode.c.h; path = Discover.pbobjc.h; sourceTree = "<group>"; };
		8F50CD4E2B60C08400AA85D9 /* VoteAssetContract.pbobjc.m */ = {isa = PBXFileReference; lastKnownFileType = sourcecode.c.objc; path = VoteAssetContract.pbobjc.m; sourceTree = "<group>"; };
		8F50CD4F2B60C08400AA85D9 /* ShieldContract.pbobjc.h */ = {isa = PBXFileReference; lastKnownFileType = sourcecode.c.h; path = ShieldContract.pbobjc.h; sourceTree = "<group>"; };
		8F50CD502B60C08400AA85D9 /* AssetIssueContract.pbobjc.m */ = {isa = PBXFileReference; lastKnownFileType = sourcecode.c.objc; path = AssetIssueContract.pbobjc.m; sourceTree = "<group>"; };
		8F50CD512B60C08400AA85D9 /* Common.pbobjc.h */ = {isa = PBXFileReference; lastKnownFileType = sourcecode.c.h; path = Common.pbobjc.h; sourceTree = "<group>"; };
		8F50CD522B60C08400AA85D9 /* MarketContract.pbobjc.m */ = {isa = PBXFileReference; lastKnownFileType = sourcecode.c.objc; path = MarketContract.pbobjc.m; sourceTree = "<group>"; };
		8F50CD532B60C08400AA85D9 /* BalanceContract.pbobjc.m */ = {isa = PBXFileReference; lastKnownFileType = sourcecode.c.objc; path = BalanceContract.pbobjc.m; sourceTree = "<group>"; };
		8F50CD542B60C08400AA85D9 /* ExchangeContract.pbobjc.h */ = {isa = PBXFileReference; lastKnownFileType = sourcecode.c.h; path = ExchangeContract.pbobjc.h; sourceTree = "<group>"; };
		8F50CD552B60C08400AA85D9 /* ProposalContract.pbobjc.m */ = {isa = PBXFileReference; lastKnownFileType = sourcecode.c.objc; path = ProposalContract.pbobjc.m; sourceTree = "<group>"; };
		8F50CD562B60C08400AA85D9 /* SmartContract.pbobjc.m */ = {isa = PBXFileReference; lastKnownFileType = sourcecode.c.objc; path = SmartContract.pbobjc.m; sourceTree = "<group>"; };
		8F50CD572B60C08400AA85D9 /* StorageContract.pbobjc.h */ = {isa = PBXFileReference; lastKnownFileType = sourcecode.c.h; path = StorageContract.pbobjc.h; sourceTree = "<group>"; };
		8F50CD582B60C08400AA85D9 /* AccountContract.pbobjc.m */ = {isa = PBXFileReference; lastKnownFileType = sourcecode.c.objc; path = AccountContract.pbobjc.m; sourceTree = "<group>"; };
		8F50CD592B60C08400AA85D9 /* WitnessContract.pbobjc.m */ = {isa = PBXFileReference; lastKnownFileType = sourcecode.c.objc; path = WitnessContract.pbobjc.m; sourceTree = "<group>"; };
		8F50CD5A2B60C08400AA85D9 /* AssetIssueContract.pbobjc.h */ = {isa = PBXFileReference; lastKnownFileType = sourcecode.c.h; path = AssetIssueContract.pbobjc.h; sourceTree = "<group>"; };
		8F50CD5B2B60C08400AA85D9 /* ShieldContract.pbobjc.m */ = {isa = PBXFileReference; lastKnownFileType = sourcecode.c.objc; path = ShieldContract.pbobjc.m; sourceTree = "<group>"; };
		8F50CD5C2B60C08400AA85D9 /* VoteAssetContract.pbobjc.h */ = {isa = PBXFileReference; lastKnownFileType = sourcecode.c.h; path = VoteAssetContract.pbobjc.h; sourceTree = "<group>"; };
		8F50CD5D2B60C08400AA85D9 /* MarketContract.pbobjc.h */ = {isa = PBXFileReference; lastKnownFileType = sourcecode.c.h; path = MarketContract.pbobjc.h; sourceTree = "<group>"; };
		8F50CD5E2B60C08400AA85D9 /* Common.pbobjc.m */ = {isa = PBXFileReference; lastKnownFileType = sourcecode.c.objc; path = Common.pbobjc.m; sourceTree = "<group>"; };
		8F50CD5F2B60C08400AA85D9 /* ExchangeContract.pbobjc.m */ = {isa = PBXFileReference; lastKnownFileType = sourcecode.c.objc; path = ExchangeContract.pbobjc.m; sourceTree = "<group>"; };
		8F50CD602B60C08400AA85D9 /* BalanceContract.pbobjc.h */ = {isa = PBXFileReference; lastKnownFileType = sourcecode.c.h; path = BalanceContract.pbobjc.h; sourceTree = "<group>"; };
		8F50CD612B60C08400AA85D9 /* WitnessContract.pbobjc.h */ = {isa = PBXFileReference; lastKnownFileType = sourcecode.c.h; path = WitnessContract.pbobjc.h; sourceTree = "<group>"; };
		8F50CD622B60C08400AA85D9 /* AccountContract.pbobjc.h */ = {isa = PBXFileReference; lastKnownFileType = sourcecode.c.h; path = AccountContract.pbobjc.h; sourceTree = "<group>"; };
		8F50CD632B60C08400AA85D9 /* StorageContract.pbobjc.m */ = {isa = PBXFileReference; lastKnownFileType = sourcecode.c.objc; path = StorageContract.pbobjc.m; sourceTree = "<group>"; };
		8F50CD642B60C08400AA85D9 /* SmartContract.pbobjc.h */ = {isa = PBXFileReference; lastKnownFileType = sourcecode.c.h; path = SmartContract.pbobjc.h; sourceTree = "<group>"; };
		8F50CD652B60C08400AA85D9 /* ProposalContract.pbobjc.h */ = {isa = PBXFileReference; lastKnownFileType = sourcecode.c.h; path = ProposalContract.pbobjc.h; sourceTree = "<group>"; };
		8F50CD662B60C08400AA85D9 /* Tron.pbobjc.h */ = {isa = PBXFileReference; lastKnownFileType = sourcecode.c.h; path = Tron.pbobjc.h; sourceTree = "<group>"; };
		8F50CD672B60C08400AA85D9 /* TronInventoryItems.pbobjc.m */ = {isa = PBXFileReference; lastKnownFileType = sourcecode.c.objc; path = TronInventoryItems.pbobjc.m; sourceTree = "<group>"; };
		8F50CD682B60C08400AA85D9 /* Discover.pbobjc.m */ = {isa = PBXFileReference; lastKnownFileType = sourcecode.c.objc; path = Discover.pbobjc.m; sourceTree = "<group>"; };
		8F50CD692B60C08400AA85D9 /* Tron.pbobjc.m */ = {isa = PBXFileReference; lastKnownFileType = sourcecode.c.objc; path = Tron.pbobjc.m; sourceTree = "<group>"; };
		8F50CD6A2B60C08400AA85D9 /* TronInventoryItems.pbobjc.h */ = {isa = PBXFileReference; lastKnownFileType = sourcecode.c.h; path = TronInventoryItems.pbobjc.h; sourceTree = "<group>"; };
		8F50CD6B2B60C08400AA85D9 /* Api.pbrpc.m */ = {isa = PBXFileReference; lastKnownFileType = sourcecode.c.objc; path = Api.pbrpc.m; sourceTree = "<group>"; };
		8F50CDC12B60C08400AA85D9 /* Annotations.pbobjc.h */ = {isa = PBXFileReference; lastKnownFileType = sourcecode.c.h; path = Annotations.pbobjc.h; sourceTree = "<group>"; };
		8F50CDC22B60C08400AA85D9 /* HTTP.pbobjc.h */ = {isa = PBXFileReference; lastKnownFileType = sourcecode.c.h; path = HTTP.pbobjc.h; sourceTree = "<group>"; };
		8F50CDC32B60C08400AA85D9 /* HTTP.pbobjc.m */ = {isa = PBXFileReference; lastKnownFileType = sourcecode.c.objc; path = HTTP.pbobjc.m; sourceTree = "<group>"; };
		8F50CDC42B60C08400AA85D9 /* Annotations.pbobjc.m */ = {isa = PBXFileReference; lastKnownFileType = sourcecode.c.objc; path = Annotations.pbobjc.m; sourceTree = "<group>"; };
		8F50CDC62B60C08400AA85D9 /* Descriptor.pbobjc.h */ = {isa = PBXFileReference; lastKnownFileType = sourcecode.c.h; path = Descriptor.pbobjc.h; sourceTree = "<group>"; };
		8F50CDC72B60C08400AA85D9 /* Descriptor.pbobjc.m */ = {isa = PBXFileReference; lastKnownFileType = sourcecode.c.objc; path = Descriptor.pbobjc.m; sourceTree = "<group>"; };
		8F50CDC82B60C08400AA85D9 /* Api.pbrpc.h */ = {isa = PBXFileReference; lastKnownFileType = sourcecode.c.h; path = Api.pbrpc.h; sourceTree = "<group>"; };
		8F50CDCA2B60C08400AA85D9 /* Api.pbobjc.h */ = {isa = PBXFileReference; lastKnownFileType = sourcecode.c.h; path = Api.pbobjc.h; sourceTree = "<group>"; };
		8F50CDCB2B60C08400AA85D9 /* Zksnark.pbobjc.h */ = {isa = PBXFileReference; lastKnownFileType = sourcecode.c.h; path = Zksnark.pbobjc.h; sourceTree = "<group>"; };
		8F50CDCC2B60C08400AA85D9 /* Api.pbobjc.m */ = {isa = PBXFileReference; lastKnownFileType = sourcecode.c.objc; path = Api.pbobjc.m; sourceTree = "<group>"; };
		8F50CDCD2B60C08400AA85D9 /* Zksnark.pbobjc.m */ = {isa = PBXFileReference; lastKnownFileType = sourcecode.c.objc; path = Zksnark.pbobjc.m; sourceTree = "<group>"; };
		A66E289F6702EEED9320C5E0 /* LICENSE */ = {isa = PBXFileReference; includeInIndex = 1; lastKnownFileType = text; name = LICENSE; path = ../LICENSE; sourceTree = "<group>"; };
		CB30F75E60DB4C5AF1736AE3 /* Pods-TLCorePod_Example.debug.xcconfig */ = {isa = PBXFileReference; includeInIndex = 1; lastKnownFileType = text.xcconfig; name = "Pods-TLCorePod_Example.debug.xcconfig"; path = "Target Support Files/Pods-TLCorePod_Example/Pods-TLCorePod_Example.debug.xcconfig"; sourceTree = "<group>"; };
		EA82CBB53F7014507B64A0B8 /* Pods-TLCorePod_Tests.release.xcconfig */ = {isa = PBXFileReference; includeInIndex = 1; lastKnownFileType = text.xcconfig; name = "Pods-TLCorePod_Tests.release.xcconfig"; path = "Target Support Files/Pods-TLCorePod_Tests/Pods-TLCorePod_Tests.release.xcconfig"; sourceTree = "<group>"; };
/* End PBXFileReference section */

/* Begin PBXFrameworksBuildPhase section */
		607FACCD1AFB9204008FA782 /* Frameworks */ = {
			isa = PBXFrameworksBuildPhase;
			buildActionMask = 2147483647;
			files = (
				8F223E2A2B5FE61200FDC43A /* Pods_TLCorePod_Example.framework in Frameworks */,
			);
			runOnlyForDeploymentPostprocessing = 0;
		};
		607FACE21AFB9204008FA782 /* Frameworks */ = {
			isa = PBXFrameworksBuildPhase;
			buildActionMask = 2147483647;
			files = (
				398C1A95FDCA40D8FB4BC16C /* Pods_TLCorePod_Tests.framework in Frameworks */,
			);
			runOnlyForDeploymentPostprocessing = 0;
		};
/* End PBXFrameworksBuildPhase section */

/* Begin PBXGroup section */
		607FACC71AFB9204008FA782 = {
			isa = PBXGroup;
			children = (
				607FACF51AFB993E008FA782 /* Podspec Metadata */,
				607FACD21AFB9204008FA782 /* Example for TLCorePod */,
				607FACE81AFB9204008FA782 /* Tests */,
				607FACD11AFB9204008FA782 /* Products */,
				E112A5F5F85663AB7E6D09E0 /* Pods */,
				9713E04A771540AFAA2BAD3E /* Frameworks */,
			);
			sourceTree = "<group>";
		};
		607FACD11AFB9204008FA782 /* Products */ = {
			isa = PBXGroup;
			children = (
				607FACD01AFB9204008FA782 /* TLCorePod_Example.app */,
				607FACE51AFB9204008FA782 /* TLCorePod_Tests.xctest */,
			);
			name = Products;
			sourceTree = "<group>";
		};
		607FACD21AFB9204008FA782 /* Example for TLCorePod */ = {
			isa = PBXGroup;
			children = (
				8F223D902B5FBA8200FDC43A /* TLCorePod */,
				607FACD51AFB9204008FA782 /* AppDelegate.swift */,
				607FACD71AFB9204008FA782 /* ViewController.swift */,
				607FACD91AFB9204008FA782 /* Main.storyboard */,
				607FACDC1AFB9204008FA782 /* Images.xcassets */,
				607FACDE1AFB9204008FA782 /* LaunchScreen.xib */,
				607FACD31AFB9204008FA782 /* Supporting Files */,
			);
			name = "Example for TLCorePod";
			path = TLCorePod;
			sourceTree = "<group>";
		};
		607FACD31AFB9204008FA782 /* Supporting Files */ = {
			isa = PBXGroup;
			children = (
				607FACD41AFB9204008FA782 /* Info.plist */,
			);
			name = "Supporting Files";
			sourceTree = "<group>";
		};
		607FACE81AFB9204008FA782 /* Tests */ = {
			isa = PBXGroup;
			children = (
				607FACEB1AFB9204008FA782 /* Tests.swift */,
				607FACE91AFB9204008FA782 /* Supporting Files */,
			);
			path = Tests;
			sourceTree = "<group>";
		};
		607FACE91AFB9204008FA782 /* Supporting Files */ = {
			isa = PBXGroup;
			children = (
				607FACEA1AFB9204008FA782 /* Info.plist */,
			);
			name = "Supporting Files";
			sourceTree = "<group>";
		};
		607FACF51AFB993E008FA782 /* Podspec Metadata */ = {
			isa = PBXGroup;
			children = (
				0C3290B26F2C94E1B5325A75 /* TLCorePod.podspec */,
				69367C5EB5EA435AA06DACE4 /* README.md */,
				A66E289F6702EEED9320C5E0 /* LICENSE */,
			);
			name = "Podspec Metadata";
			sourceTree = "<group>";
		};
		8F223D902B5FBA8200FDC43A /* TLCorePod */ = {
			isa = PBXGroup;
			children = (
				8F223D912B5FBA8200FDC43A /* Classes */,
				8F223D942B5FBA8200FDC43A /* Assets */,
			);
			name = TLCorePod;
			path = ../../TLCorePod;
			sourceTree = "<group>";
		};
		8F223D912B5FBA8200FDC43A /* Classes */ = {
			isa = PBXGroup;
			children = (
				8F50CD4A2B60C08400AA85D9 /* gRPC */,
				8F223E282B5FCBBA00FDC43A /* TLWalletCore.swift */,
				8F223E252B5FCBB900FDC43A /* Tool */,
				8F223E212B5FCBB900FDC43A /* types */,
			);
			path = Classes;
			sourceTree = "<group>";
		};
		8F223D942B5FBA8200FDC43A /* Assets */ = {
			isa = PBXGroup;
			children = (
			);
			path = Assets;
			sourceTree = "<group>";
		};
		8F223E212B5FCBB900FDC43A /* types */ = {
			isa = PBXGroup;
			children = (
				8F223E222B5FCBB900FDC43A /* KeyStoreError.swift */,
				8F223E232B5FCBB900FDC43A /* Base58String.swift */,
				8F223E242B5FCBB900FDC43A /* AddressString.swift */,
			);
			path = types;
			sourceTree = "<group>";
		};
		8F223E252B5FCBB900FDC43A /* Tool */ = {
			isa = PBXGroup;
			children = (
				8F223E262B5FCBB900FDC43A /* StringTool.swift */,
				8F223E272B5FCBB900FDC43A /* DataTool.swift */,
			);
			path = Tool;
			sourceTree = "<group>";
		};
		8F50CD4A2B60C08400AA85D9 /* gRPC */ = {
			isa = PBXGroup;
			children = (
				8F50CD4B2B60C08400AA85D9 /* core */,
				8F50CD6B2B60C08400AA85D9 /* Api.pbrpc.m */,
				8F50CDBF2B60C08400AA85D9 /* google */,
				8F50CDC82B60C08400AA85D9 /* Api.pbrpc.h */,
				8F50CDC92B60C08400AA85D9 /* api */,
			);
			path = gRPC;
			sourceTree = "<group>";
		};
		8F50CD4B2B60C08400AA85D9 /* core */ = {
			isa = PBXGroup;
			children = (
				8F50CD4C2B60C08400AA85D9 /* Discover.pbobjc.h */,
				8F50CD4D2B60C08400AA85D9 /* contract */,
				8F50CD662B60C08400AA85D9 /* Tron.pbobjc.h */,
				8F50CD672B60C08400AA85D9 /* TronInventoryItems.pbobjc.m */,
				8F50CD682B60C08400AA85D9 /* Discover.pbobjc.m */,
				8F50CD692B60C08400AA85D9 /* Tron.pbobjc.m */,
				8F50CD6A2B60C08400AA85D9 /* TronInventoryItems.pbobjc.h */,
			);
			path = core;
			sourceTree = "<group>";
		};
		8F50CD4D2B60C08400AA85D9 /* contract */ = {
			isa = PBXGroup;
			children = (
				8F50CD4E2B60C08400AA85D9 /* VoteAssetContract.pbobjc.m */,
				8F50CD4F2B60C08400AA85D9 /* ShieldContract.pbobjc.h */,
				8F50CD502B60C08400AA85D9 /* AssetIssueContract.pbobjc.m */,
				8F50CD512B60C08400AA85D9 /* Common.pbobjc.h */,
				8F50CD522B60C08400AA85D9 /* MarketContract.pbobjc.m */,
				8F50CD532B60C08400AA85D9 /* BalanceContract.pbobjc.m */,
				8F50CD542B60C08400AA85D9 /* ExchangeContract.pbobjc.h */,
				8F50CD552B60C08400AA85D9 /* ProposalContract.pbobjc.m */,
				8F50CD562B60C08400AA85D9 /* SmartContract.pbobjc.m */,
				8F50CD572B60C08400AA85D9 /* StorageContract.pbobjc.h */,
				8F50CD582B60C08400AA85D9 /* AccountContract.pbobjc.m */,
				8F50CD592B60C08400AA85D9 /* WitnessContract.pbobjc.m */,
				8F50CD5A2B60C08400AA85D9 /* AssetIssueContract.pbobjc.h */,
				8F50CD5B2B60C08400AA85D9 /* ShieldContract.pbobjc.m */,
				8F50CD5C2B60C08400AA85D9 /* VoteAssetContract.pbobjc.h */,
				8F50CD5D2B60C08400AA85D9 /* MarketContract.pbobjc.h */,
				8F50CD5E2B60C08400AA85D9 /* Common.pbobjc.m */,
				8F50CD5F2B60C08400AA85D9 /* ExchangeContract.pbobjc.m */,
				8F50CD602B60C08400AA85D9 /* BalanceContract.pbobjc.h */,
				8F50CD612B60C08400AA85D9 /* WitnessContract.pbobjc.h */,
				8F50CD622B60C08400AA85D9 /* AccountContract.pbobjc.h */,
				8F50CD632B60C08400AA85D9 /* StorageContract.pbobjc.m */,
				8F50CD642B60C08400AA85D9 /* SmartContract.pbobjc.h */,
				8F50CD652B60C08400AA85D9 /* ProposalContract.pbobjc.h */,
			);
			path = contract;
			sourceTree = "<group>";
		};
		8F50CDBF2B60C08400AA85D9 /* google */ = {
			isa = PBXGroup;
			children = (
				8F50CDC02B60C08400AA85D9 /* api */,
				8F50CDC52B60C08400AA85D9 /* protobuf */,
			);
			path = google;
			sourceTree = "<group>";
		};
		8F50CDC02B60C08400AA85D9 /* api */ = {
			isa = PBXGroup;
			children = (
				8F50CDC12B60C08400AA85D9 /* Annotations.pbobjc.h */,
				8F50CDC22B60C08400AA85D9 /* HTTP.pbobjc.h */,
				8F50CDC32B60C08400AA85D9 /* HTTP.pbobjc.m */,
				8F50CDC42B60C08400AA85D9 /* Annotations.pbobjc.m */,
			);
			path = api;
			sourceTree = "<group>";
		};
		8F50CDC52B60C08400AA85D9 /* protobuf */ = {
			isa = PBXGroup;
			children = (
				8F50CDC62B60C08400AA85D9 /* Descriptor.pbobjc.h */,
				8F50CDC72B60C08400AA85D9 /* Descriptor.pbobjc.m */,
			);
			path = protobuf;
			sourceTree = "<group>";
		};
		8F50CDC92B60C08400AA85D9 /* api */ = {
			isa = PBXGroup;
			children = (
				8F50CDCA2B60C08400AA85D9 /* Api.pbobjc.h */,
				8F50CDCB2B60C08400AA85D9 /* Zksnark.pbobjc.h */,
				8F50CDCC2B60C08400AA85D9 /* Api.pbobjc.m */,
				8F50CDCD2B60C08400AA85D9 /* Zksnark.pbobjc.m */,
			);
			path = api;
			sourceTree = "<group>";
		};
		9713E04A771540AFAA2BAD3E /* Frameworks */ = {
			isa = PBXGroup;
			children = (
				661F1DA2F99EC07756667EBE /* Pods_TLCorePod_Example.framework */,
				1EA2204029EC4C11EFFE7E3E /* Pods_TLCorePod_Tests.framework */,
			);
			name = Frameworks;
			sourceTree = "<group>";
		};
		E112A5F5F85663AB7E6D09E0 /* Pods */ = {
			isa = PBXGroup;
			children = (
				CB30F75E60DB4C5AF1736AE3 /* Pods-TLCorePod_Example.debug.xcconfig */,
				223C997E4BB0DF6AF29882F7 /* Pods-TLCorePod_Example.release.xcconfig */,
				6E10DAFC0F63E4C2C871317C /* Pods-TLCorePod_Tests.debug.xcconfig */,
				EA82CBB53F7014507B64A0B8 /* Pods-TLCorePod_Tests.release.xcconfig */,
			);
			path = Pods;
			sourceTree = "<group>";
		};
/* End PBXGroup section */

/* Begin PBXNativeTarget section */
		607FACCF1AFB9204008FA782 /* TLCorePod_Example */ = {
			isa = PBXNativeTarget;
			buildConfigurationList = 607FACEF1AFB9204008FA782 /* Build configuration list for PBXNativeTarget "TLCorePod_Example" */;
			buildPhases = (
				F5411B1F2E460ACC6D2E81A4 /* [CP] Check Pods Manifest.lock */,
				607FACCC1AFB9204008FA782 /* Sources */,
				607FACCD1AFB9204008FA782 /* Frameworks */,
				607FACCE1AFB9204008FA782 /* Resources */,
				8713E5135B803C5187425944 /* [CP] Embed Pods Frameworks */,
			);
			buildRules = (
			);
			dependencies = (
			);
			name = TLCorePod_Example;
			productName = TLCorePod;
			productReference = 607FACD01AFB9204008FA782 /* TLCorePod_Example.app */;
			productType = "com.apple.product-type.application";
		};
		607FACE41AFB9204008FA782 /* TLCorePod_Tests */ = {
			isa = PBXNativeTarget;
			buildConfigurationList = 607FACF21AFB9204008FA782 /* Build configuration list for PBXNativeTarget "TLCorePod_Tests" */;
			buildPhases = (
				099F24D8FD54D9D4A97A84EF /* [CP] Check Pods Manifest.lock */,
				607FACE11AFB9204008FA782 /* Sources */,
				607FACE21AFB9204008FA782 /* Frameworks */,
				607FACE31AFB9204008FA782 /* Resources */,
				F8C061BF6133EE195B05E962 /* [CP] Embed Pods Frameworks */,
			);
			buildRules = (
			);
			dependencies = (
				607FACE71AFB9204008FA782 /* PBXTargetDependency */,
			);
			name = TLCorePod_Tests;
			productName = Tests;
			productReference = 607FACE51AFB9204008FA782 /* TLCorePod_Tests.xctest */;
			productType = "com.apple.product-type.bundle.unit-test";
		};
/* End PBXNativeTarget section */

/* Begin PBXProject section */
		607FACC81AFB9204008FA782 /* Project object */ = {
			isa = PBXProject;
			attributes = {
				LastSwiftUpdateCheck = 0830;
				LastUpgradeCheck = 0830;
				ORGANIZATIONNAME = CocoaPods;
				TargetAttributes = {
					607FACCF1AFB9204008FA782 = {
						CreatedOnToolsVersion = 6.3.1;
						DevelopmentTeam = 2GRA8Q4F9H;
						LastSwiftMigration = 0900;
					};
					607FACE41AFB9204008FA782 = {
						CreatedOnToolsVersion = 6.3.1;
						DevelopmentTeam = 2GRA8Q4F9H;
						LastSwiftMigration = 0900;
						TestTargetID = 607FACCF1AFB9204008FA782;
					};
				};
			};
			buildConfigurationList = 607FACCB1AFB9204008FA782 /* Build configuration list for PBXProject "TLCorePod" */;
			compatibilityVersion = "Xcode 3.2";
			developmentRegion = English;
			hasScannedForEncodings = 0;
			knownRegions = (
				English,
				en,
				Base,
			);
			mainGroup = 607FACC71AFB9204008FA782;
			productRefGroup = 607FACD11AFB9204008FA782 /* Products */;
			projectDirPath = "";
			projectRoot = "";
			targets = (
				607FACCF1AFB9204008FA782 /* TLCorePod_Example */,
				607FACE41AFB9204008FA782 /* TLCorePod_Tests */,
			);
		};
/* End PBXProject section */

/* Begin PBXResourcesBuildPhase section */
		607FACCE1AFB9204008FA782 /* Resources */ = {
			isa = PBXResourcesBuildPhase;
			buildActionMask = 2147483647;
			files = (
				607FACDB1AFB9204008FA782 /* Main.storyboard in Resources */,
				607FACE01AFB9204008FA782 /* LaunchScreen.xib in Resources */,
				607FACDD1AFB9204008FA782 /* Images.xcassets in Resources */,
			);
			runOnlyForDeploymentPostprocessing = 0;
		};
		607FACE31AFB9204008FA782 /* Resources */ = {
			isa = PBXResourcesBuildPhase;
			buildActionMask = 2147483647;
			files = (
			);
			runOnlyForDeploymentPostprocessing = 0;
		};
/* End PBXResourcesBuildPhase section */

/* Begin PBXShellScriptBuildPhase section */
		099F24D8FD54D9D4A97A84EF /* [CP] Check Pods Manifest.lock */ = {
			isa = PBXShellScriptBuildPhase;
			buildActionMask = 2147483647;
			files = (
			);
			inputFileListPaths = (
			);
			inputPaths = (
				"${PODS_PODFILE_DIR_PATH}/Podfile.lock",
				"${PODS_ROOT}/Manifest.lock",
			);
			name = "[CP] Check Pods Manifest.lock";
			outputFileListPaths = (
			);
			outputPaths = (
				"$(DERIVED_FILE_DIR)/Pods-TLCorePod_Tests-checkManifestLockResult.txt",
			);
			runOnlyForDeploymentPostprocessing = 0;
			shellPath = /bin/sh;
			shellScript = "diff \"${PODS_PODFILE_DIR_PATH}/Podfile.lock\" \"${PODS_ROOT}/Manifest.lock\" > /dev/null\nif [ $? != 0 ] ; then\n    # print error to STDERR\n    echo \"error: The sandbox is not in sync with the Podfile.lock. Run 'pod install' or update your CocoaPods installation.\" >&2\n    exit 1\nfi\n# This output is used by Xcode 'outputs' to avoid re-running this script phase.\necho \"SUCCESS\" > \"${SCRIPT_OUTPUT_FILE_0}\"\n";
			showEnvVarsInLog = 0;
		};
		8713E5135B803C5187425944 /* [CP] Embed Pods Frameworks */ = {
			isa = PBXShellScriptBuildPhase;
			buildActionMask = 2147483647;
			files = (
			);
			inputPaths = (
				"${PODS_ROOT}/Target Support Files/Pods-TLCorePod_Example/Pods-TLCorePod_Example-frameworks.sh",
				"${BUILT_PRODUCTS_DIR}/BigInt/BigInt.framework",
				"${BUILT_PRODUCTS_DIR}/BoringSSL-GRPC/openssl_grpc.framework",
				"${BUILT_PRODUCTS_DIR}/CryptoSwift/CryptoSwift.framework",
				"${BUILT_PRODUCTS_DIR}/PromiseKit/PromiseKit.framework",
				"${BUILT_PRODUCTS_DIR}/Protobuf/Protobuf.framework",
				"${BUILT_PRODUCTS_DIR}/SipHash/SipHash.framework",
				"${BUILT_PRODUCTS_DIR}/TLCorePod/TLCorePod.framework",
				"${BUILT_PRODUCTS_DIR}/TrezorCrypto/TrezorCrypto.framework",
				"${BUILT_PRODUCTS_DIR}/TrustCore/TrustCore.framework",
				"${BUILT_PRODUCTS_DIR}/TrustKeystore/TrustKeystore.framework",
				"${BUILT_PRODUCTS_DIR}/abseil/absl.framework",
				"${BUILT_PRODUCTS_DIR}/gRPC/GRPCClient.framework",
				"${BUILT_PRODUCTS_DIR}/gRPC-Core/grpc.framework",
				"${BUILT_PRODUCTS_DIR}/gRPC-ProtoRPC/ProtoRPC.framework",
				"${BUILT_PRODUCTS_DIR}/gRPC-RxLibrary/RxLibrary.framework",
				"${BUILT_PRODUCTS_DIR}/keccak.c/keccak.framework",
				"${BUILT_PRODUCTS_DIR}/scrypt.c/scrypt.framework",
				"${BUILT_PRODUCTS_DIR}/secp256k1.c/secp256k1.framework",
				"${BUILT_PRODUCTS_DIR}/web3swift.pod/web3swift.framework",
			);
			name = "[CP] Embed Pods Frameworks";
			outputPaths = (
				"${TARGET_BUILD_DIR}/${FRAMEWORKS_FOLDER_PATH}/BigInt.framework",
				"${TARGET_BUILD_DIR}/${FRAMEWORKS_FOLDER_PATH}/openssl_grpc.framework",
				"${TARGET_BUILD_DIR}/${FRAMEWORKS_FOLDER_PATH}/CryptoSwift.framework",
				"${TARGET_BUILD_DIR}/${FRAMEWORKS_FOLDER_PATH}/PromiseKit.framework",
				"${TARGET_BUILD_DIR}/${FRAMEWORKS_FOLDER_PATH}/Protobuf.framework",
				"${TARGET_BUILD_DIR}/${FRAMEWORKS_FOLDER_PATH}/SipHash.framework",
				"${TARGET_BUILD_DIR}/${FRAMEWORKS_FOLDER_PATH}/TLCorePod.framework",
				"${TARGET_BUILD_DIR}/${FRAMEWORKS_FOLDER_PATH}/TrezorCrypto.framework",
				"${TARGET_BUILD_DIR}/${FRAMEWORKS_FOLDER_PATH}/TrustCore.framework",
				"${TARGET_BUILD_DIR}/${FRAMEWORKS_FOLDER_PATH}/TrustKeystore.framework",
				"${TARGET_BUILD_DIR}/${FRAMEWORKS_FOLDER_PATH}/absl.framework",
				"${TARGET_BUILD_DIR}/${FRAMEWORKS_FOLDER_PATH}/GRPCClient.framework",
				"${TARGET_BUILD_DIR}/${FRAMEWORKS_FOLDER_PATH}/grpc.framework",
				"${TARGET_BUILD_DIR}/${FRAMEWORKS_FOLDER_PATH}/ProtoRPC.framework",
				"${TARGET_BUILD_DIR}/${FRAMEWORKS_FOLDER_PATH}/RxLibrary.framework",
				"${TARGET_BUILD_DIR}/${FRAMEWORKS_FOLDER_PATH}/keccak.framework",
				"${TARGET_BUILD_DIR}/${FRAMEWORKS_FOLDER_PATH}/scrypt.framework",
				"${TARGET_BUILD_DIR}/${FRAMEWORKS_FOLDER_PATH}/secp256k1.framework",
				"${TARGET_BUILD_DIR}/${FRAMEWORKS_FOLDER_PATH}/web3swift.framework",
			);
			runOnlyForDeploymentPostprocessing = 0;
			shellPath = /bin/sh;
			shellScript = "\"${PODS_ROOT}/Target Support Files/Pods-TLCorePod_Example/Pods-TLCorePod_Example-frameworks.sh\"\n";
			showEnvVarsInLog = 0;
		};
		F5411B1F2E460ACC6D2E81A4 /* [CP] Check Pods Manifest.lock */ = {
			isa = PBXShellScriptBuildPhase;
			buildActionMask = 2147483647;
			files = (
			);
			inputFileListPaths = (
			);
			inputPaths = (
				"${PODS_PODFILE_DIR_PATH}/Podfile.lock",
				"${PODS_ROOT}/Manifest.lock",
			);
			name = "[CP] Check Pods Manifest.lock";
			outputFileListPaths = (
			);
			outputPaths = (
				"$(DERIVED_FILE_DIR)/Pods-TLCorePod_Example-checkManifestLockResult.txt",
			);
			runOnlyForDeploymentPostprocessing = 0;
			shellPath = /bin/sh;
			shellScript = "diff \"${PODS_PODFILE_DIR_PATH}/Podfile.lock\" \"${PODS_ROOT}/Manifest.lock\" > /dev/null\nif [ $? != 0 ] ; then\n    # print error to STDERR\n    echo \"error: The sandbox is not in sync with the Podfile.lock. Run 'pod install' or update your CocoaPods installation.\" >&2\n    exit 1\nfi\n# This output is used by Xcode 'outputs' to avoid re-running this script phase.\necho \"SUCCESS\" > \"${SCRIPT_OUTPUT_FILE_0}\"\n";
			showEnvVarsInLog = 0;
		};
		F8C061BF6133EE195B05E962 /* [CP] Embed Pods Frameworks */ = {
			isa = PBXShellScriptBuildPhase;
			buildActionMask = 2147483647;
			files = (
			);
			inputPaths = (
				"${PODS_ROOT}/Target Support Files/Pods-TLCorePod_Tests/Pods-TLCorePod_Tests-frameworks.sh",
				"${BUILT_PRODUCTS_DIR}/FBSnapshotTestCase/FBSnapshotTestCase.framework",
			);
			name = "[CP] Embed Pods Frameworks";
			outputPaths = (
				"${TARGET_BUILD_DIR}/${FRAMEWORKS_FOLDER_PATH}/FBSnapshotTestCase.framework",
			);
			runOnlyForDeploymentPostprocessing = 0;
			shellPath = /bin/sh;
			shellScript = "\"${PODS_ROOT}/Target Support Files/Pods-TLCorePod_Tests/Pods-TLCorePod_Tests-frameworks.sh\"\n";
			showEnvVarsInLog = 0;
		};
/* End PBXShellScriptBuildPhase section */

/* Begin PBXSourcesBuildPhase section */
		607FACCC1AFB9204008FA782 /* Sources */ = {
			isa = PBXSourcesBuildPhase;
			buildActionMask = 2147483647;
			files = (
				607FACD81AFB9204008FA782 /* ViewController.swift in Sources */,
				607FACD61AFB9204008FA782 /* AppDelegate.swift in Sources */,
			);
			runOnlyForDeploymentPostprocessing = 0;
		};
		607FACE11AFB9204008FA782 /* Sources */ = {
			isa = PBXSourcesBuildPhase;
			buildActionMask = 2147483647;
			files = (
				607FACEC1AFB9204008FA782 /* Tests.swift in Sources */,
			);
			runOnlyForDeploymentPostprocessing = 0;
		};
/* End PBXSourcesBuildPhase section */

/* Begin PBXTargetDependency section */
		607FACE71AFB9204008FA782 /* PBXTargetDependency */ = {
			isa = PBXTargetDependency;
			target = 607FACCF1AFB9204008FA782 /* TLCorePod_Example */;
			targetProxy = 607FACE61AFB9204008FA782 /* PBXContainerItemProxy */;
		};
/* End PBXTargetDependency section */

/* Begin PBXVariantGroup section */
		607FACD91AFB9204008FA782 /* Main.storyboard */ = {
			isa = PBXVariantGroup;
			children = (
				607FACDA1AFB9204008FA782 /* Base */,
			);
			name = Main.storyboard;
			sourceTree = "<group>";
		};
		607FACDE1AFB9204008FA782 /* LaunchScreen.xib */ = {
			isa = PBXVariantGroup;
			children = (
				607FACDF1AFB9204008FA782 /* Base */,
			);
			name = LaunchScreen.xib;
			sourceTree = "<group>";
		};
/* End PBXVariantGroup section */

/* Begin XCBuildConfiguration section */
		607FACED1AFB9204008FA782 /* Debug */ = {
			isa = XCBuildConfiguration;
			buildSettings = {
				ALWAYS_SEARCH_USER_PATHS = NO;
				CLANG_CXX_LANGUAGE_STANDARD = "gnu++0x";
				CLANG_CXX_LIBRARY = "libc++";
				CLANG_ENABLE_MODULES = YES;
				CLANG_ENABLE_OBJC_ARC = YES;
				CLANG_WARN_BLOCK_CAPTURE_AUTORELEASING = YES;
				CLANG_WARN_BOOL_CONVERSION = YES;
				CLANG_WARN_COMMA = YES;
				CLANG_WARN_CONSTANT_CONVERSION = YES;
				CLANG_WARN_DIRECT_OBJC_ISA_USAGE = YES_ERROR;
				CLANG_WARN_EMPTY_BODY = YES;
				CLANG_WARN_ENUM_CONVERSION = YES;
				CLANG_WARN_INFINITE_RECURSION = YES;
				CLANG_WARN_INT_CONVERSION = YES;
				CLANG_WARN_NON_LITERAL_NULL_CONVERSION = YES;
				CLANG_WARN_OBJC_LITERAL_CONVERSION = YES;
				CLANG_WARN_OBJC_ROOT_CLASS = YES_ERROR;
				CLANG_WARN_RANGE_LOOP_ANALYSIS = YES;
				CLANG_WARN_STRICT_PROTOTYPES = YES;
				CLANG_WARN_SUSPICIOUS_MOVE = YES;
				CLANG_WARN_UNREACHABLE_CODE = YES;
				CLANG_WARN__DUPLICATE_METHOD_MATCH = YES;
				"CODE_SIGN_IDENTITY[sdk=iphoneos*]" = "iPhone Developer";
				COPY_PHASE_STRIP = NO;
				DEBUG_INFORMATION_FORMAT = "dwarf-with-dsym";
				ENABLE_STRICT_OBJC_MSGSEND = YES;
				ENABLE_TESTABILITY = YES;
				GCC_C_LANGUAGE_STANDARD = gnu99;
				GCC_DYNAMIC_NO_PIC = NO;
				GCC_NO_COMMON_BLOCKS = YES;
				GCC_OPTIMIZATION_LEVEL = 0;
				GCC_PREPROCESSOR_DEFINITIONS = (
					"DEBUG=1",
					"$(inherited)",
				);
				GCC_SYMBOLS_PRIVATE_EXTERN = NO;
				GCC_WARN_64_TO_32_BIT_CONVERSION = YES;
				GCC_WARN_ABOUT_RETURN_TYPE = YES_ERROR;
				GCC_WARN_UNDECLARED_SELECTOR = YES;
				GCC_WARN_UNINITIALIZED_AUTOS = YES_AGGRESSIVE;
				GCC_WARN_UNUSED_FUNCTION = YES;
				GCC_WARN_UNUSED_VARIABLE = YES;
				IPHONEOS_DEPLOYMENT_TARGET = 11.0;
				MTL_ENABLE_DEBUG_INFO = YES;
				ONLY_ACTIVE_ARCH = YES;
				SDKROOT = iphoneos;
				SWIFT_OPTIMIZATION_LEVEL = "-Onone";
			};
			name = Debug;
		};
		607FACEE1AFB9204008FA782 /* Release */ = {
			isa = XCBuildConfiguration;
			buildSettings = {
				ALWAYS_SEARCH_USER_PATHS = NO;
				CLANG_CXX_LANGUAGE_STANDARD = "gnu++0x";
				CLANG_CXX_LIBRARY = "libc++";
				CLANG_ENABLE_MODULES = YES;
				CLANG_ENABLE_OBJC_ARC = YES;
				CLANG_WARN_BLOCK_CAPTURE_AUTORELEASING = YES;
				CLANG_WARN_BOOL_CONVERSION = YES;
				CLANG_WARN_COMMA = YES;
				CLANG_WARN_CONSTANT_CONVERSION = YES;
				CLANG_WARN_DIRECT_OBJC_ISA_USAGE = YES_ERROR;
				CLANG_WARN_EMPTY_BODY = YES;
				CLANG_WARN_ENUM_CONVERSION = YES;
				CLANG_WARN_INFINITE_RECURSION = YES;
				CLANG_WARN_INT_CONVERSION = YES;
				CLANG_WARN_NON_LITERAL_NULL_CONVERSION = YES;
				CLANG_WARN_OBJC_LITERAL_CONVERSION = YES;
				CLANG_WARN_OBJC_ROOT_CLASS = YES_ERROR;
				CLANG_WARN_RANGE_LOOP_ANALYSIS = YES;
				CLANG_WARN_STRICT_PROTOTYPES = YES;
				CLANG_WARN_SUSPICIOUS_MOVE = YES;
				CLANG_WARN_UNREACHABLE_CODE = YES;
				CLANG_WARN__DUPLICATE_METHOD_MATCH = YES;
				"CODE_SIGN_IDENTITY[sdk=iphoneos*]" = "iPhone Developer";
				COPY_PHASE_STRIP = NO;
				DEBUG_INFORMATION_FORMAT = "dwarf-with-dsym";
				ENABLE_NS_ASSERTIONS = NO;
				ENABLE_STRICT_OBJC_MSGSEND = YES;
				GCC_C_LANGUAGE_STANDARD = gnu99;
				GCC_NO_COMMON_BLOCKS = YES;
				GCC_WARN_64_TO_32_BIT_CONVERSION = YES;
				GCC_WARN_ABOUT_RETURN_TYPE = YES_ERROR;
				GCC_WARN_UNDECLARED_SELECTOR = YES;
				GCC_WARN_UNINITIALIZED_AUTOS = YES_AGGRESSIVE;
				GCC_WARN_UNUSED_FUNCTION = YES;
				GCC_WARN_UNUSED_VARIABLE = YES;
				IPHONEOS_DEPLOYMENT_TARGET = 11.0;
				MTL_ENABLE_DEBUG_INFO = NO;
				SDKROOT = iphoneos;
				SWIFT_OPTIMIZATION_LEVEL = "-Owholemodule";
				VALIDATE_PRODUCT = YES;
			};
			name = Release;
		};
		607FACF01AFB9204008FA782 /* Debug */ = {
			isa = XCBuildConfiguration;
			baseConfigurationReference = CB30F75E60DB4C5AF1736AE3 /* Pods-TLCorePod_Example.debug.xcconfig */;
			buildSettings = {
				ASSETCATALOG_COMPILER_APPICON_NAME = AppIcon;
				DEVELOPMENT_TEAM = 2GRA8Q4F9H;
				INFOPLIST_FILE = TLCorePod/Info.plist;
				LD_RUNPATH_SEARCH_PATHS = "$(inherited) @executable_path/Frameworks";
				MODULE_NAME = ExampleApp;
				PRODUCT_BUNDLE_IDENTIFIER = "org.cocoapods.demo.$(PRODUCT_NAME:rfc1034identifier)";
				PRODUCT_NAME = "$(TARGET_NAME)";
				SWIFT_SWIFT3_OBJC_INFERENCE = Default;
				SWIFT_VERSION = 4.2;
			};
			name = Debug;
		};
		607FACF11AFB9204008FA782 /* Release */ = {
			isa = XCBuildConfiguration;
			baseConfigurationReference = 223C997E4BB0DF6AF29882F7 /* Pods-TLCorePod_Example.release.xcconfig */;
			buildSettings = {
				ASSETCATALOG_COMPILER_APPICON_NAME = AppIcon;
				DEVELOPMENT_TEAM = 2GRA8Q4F9H;
				INFOPLIST_FILE = TLCorePod/Info.plist;
				LD_RUNPATH_SEARCH_PATHS = "$(inherited) @executable_path/Frameworks";
				MODULE_NAME = ExampleApp;
				PRODUCT_BUNDLE_IDENTIFIER = "org.cocoapods.demo.$(PRODUCT_NAME:rfc1034identifier)";
				PRODUCT_NAME = "$(TARGET_NAME)";
				SWIFT_SWIFT3_OBJC_INFERENCE = Default;
				SWIFT_VERSION = 4.2;
			};
			name = Release;
		};
		607FACF31AFB9204008FA782 /* Debug */ = {
			isa = XCBuildConfiguration;
			baseConfigurationReference = 6E10DAFC0F63E4C2C871317C /* Pods-TLCorePod_Tests.debug.xcconfig */;
			buildSettings = {
				DEVELOPMENT_TEAM = 2GRA8Q4F9H;
				FRAMEWORK_SEARCH_PATHS = (
					"$(PLATFORM_DIR)/Developer/Library/Frameworks",
					"$(inherited)",
				);
				GCC_PREPROCESSOR_DEFINITIONS = (
					"DEBUG=1",
					"$(inherited)",
				);
				INFOPLIST_FILE = Tests/Info.plist;
				LD_RUNPATH_SEARCH_PATHS = "$(inherited) @executable_path/Frameworks @loader_path/Frameworks";
				PRODUCT_BUNDLE_IDENTIFIER = "org.cocoapods.$(PRODUCT_NAME:rfc1034identifier)";
				PRODUCT_NAME = "$(TARGET_NAME)";
				SWIFT_SWIFT3_OBJC_INFERENCE = Default;
				SWIFT_VERSION = 4.0;
				TEST_HOST = "$(BUILT_PRODUCTS_DIR)/TLCorePod_Example.app/TLCorePod_Example";
			};
			name = Debug;
		};
		607FACF41AFB9204008FA782 /* Release */ = {
			isa = XCBuildConfiguration;
			baseConfigurationReference = EA82CBB53F7014507B64A0B8 /* Pods-TLCorePod_Tests.release.xcconfig */;
			buildSettings = {
				DEVELOPMENT_TEAM = 2GRA8Q4F9H;
				FRAMEWORK_SEARCH_PATHS = (
					"$(PLATFORM_DIR)/Developer/Library/Frameworks",
					"$(inherited)",
				);
				INFOPLIST_FILE = Tests/Info.plist;
				LD_RUNPATH_SEARCH_PATHS = "$(inherited) @executable_path/Frameworks @loader_path/Frameworks";
				PRODUCT_BUNDLE_IDENTIFIER = "org.cocoapods.$(PRODUCT_NAME:rfc1034identifier)";
				PRODUCT_NAME = "$(TARGET_NAME)";
				SWIFT_SWIFT3_OBJC_INFERENCE = Default;
				SWIFT_VERSION = 4.0;
				TEST_HOST = "$(BUILT_PRODUCTS_DIR)/TLCorePod_Example.app/TLCorePod_Example";
			};
			name = Release;
		};
/* End XCBuildConfiguration section */

/* Begin XCConfigurationList section */
		607FACCB1AFB9204008FA782 /* Build configuration list for PBXProject "TLCorePod" */ = {
			isa = XCConfigurationList;
			buildConfigurations = (
				607FACED1AFB9204008FA782 /* Debug */,
				607FACEE1AFB9204008FA782 /* Release */,
			);
			defaultConfigurationIsVisible = 0;
			defaultConfigurationName = Release;
		};
		607FACEF1AFB9204008FA782 /* Build configuration list for PBXNativeTarget "TLCorePod_Example" */ = {
			isa = XCConfigurationList;
			buildConfigurations = (
				607FACF01AFB9204008FA782 /* Debug */,
				607FACF11AFB9204008FA782 /* Release */,
			);
			defaultConfigurationIsVisible = 0;
			defaultConfigurationName = Release;
		};
		607FACF21AFB9204008FA782 /* Build configuration list for PBXNativeTarget "TLCorePod_Tests" */ = {
			isa = XCConfigurationList;
			buildConfigurations = (
				607FACF31AFB9204008FA782 /* Debug */,
				607FACF41AFB9204008FA782 /* Release */,
			);
			defaultConfigurationIsVisible = 0;
			defaultConfigurationName = Release;
		};
/* End XCConfigurationList section */
	};
	rootObject = 607FACC81AFB9204008FA782 /* Project object */;
}
